{
  "name": "agent-why",
  "version": "0.1.4",
  "lockfileVersion": 3,
  "requires": true,
  "packages": {
    "": {
      "name": "agent-why",
      "version": "0.1.4",
      "license": "MIT",
      "bin": {
        "agent-why": "bin/agent-why.js"
      },
      "engines": {
        "node": ">=22"
      }
    }
  }
}
